{
    "_readme": [
        "This file locks the dependencies of your project to a known state",
        "Read more about it at https://getcomposer.org/doc/01-basic-usage.md#composer-lock-the-lock-file",
        "This file is @generated automatically"
    ],
    "hash": "943ddd23e94a3d855fbb96133a62ee94",
    "packages": [
        {
            "name": "bitverse/identicon",
            "version": "1.1.0",
            "source": {
                "type": "git",
                "url": "https://github.com/bitverseio/identicon.git",
                "reference": "872234d81c9f6268fc719708e20cfe7b2e15e30b"
            },
            "dist": {
                "type": "zip",
                "url": "https://api.github.com/repos/bitverseio/identicon/zipball/872234d81c9f6268fc719708e20cfe7b2e15e30b",
                "reference": "872234d81c9f6268fc719708e20cfe7b2e15e30b",
                "shasum": ""
            },
            "require": {
                "php": ">=5.4.0"
            },
            "type": "library",
            "autoload": {
                "psr-0": {
                    "": "src/"
                }
            },
            "notification-url": "https://packagist.org/downloads/",
            "license": [
                "MIT"
            ],
            "authors": [
                {
                    "name": "Kuba Birecki",
                    "email": "kuba.birecki@bitverse.io"
                }
            ],
            "description": "A PHP library for generating identicons.",
            "time": "2015-10-10 13:17:14"
        }
    ],
    "packages-dev": [],
    "aliases": [],
    "minimum-stability": "stable",
    "stability-flags": [],
    "prefer-stable": false,
    "prefer-lowest": false,
    "platform": {
        "php": ">=5.4.0"
    },
    "platform-dev": []
}
